
Microsoft Visual Studio Solution File, Format Version 12.00
# Visual Studio Version 16
VisualStudioVersion = 16.0.31605.320
MinimumVisualStudioVersion = 10.0.40219.1
Project("{9A19103F-16F7-4668-BE54-9A1E7A4F7556}") = "CommandWorkerHost", "src\CommandWorkerHost\CommandWorkerHost.csproj", "{F4866F75-2DB5-42F6-A5A7-6F887CAD68B0}"
EndProject
Project("{9A19103F-16F7-4668-BE54-9A1E7A4F7556}") = "Protos", "src\Protos\Protos.csproj", "{A62560EA-FF23-4C54-BEAE-064ABF5B30FB}"
EndProject
Project("{2150E333-8FDC-42A3-9474-1A3956D46DE8}") = "Application", "Application", "{D52926F9-F64B-47D2-8885-13F3FA6FB209}"
EndProject
Project("{2150E333-8FDC-42A3-9474-1A3956D46DE8}") = "Infrastructure", "Infrastructure", "{FFD2F6DD-61E6-4317-813E-2E2637C7032E}"
EndProject
Project("{9A19103F-16F7-4668-BE54-9A1E7A4F7556}") = "Host", "src\Host\Host.csproj", "{BCE0ED15-AE23-40E7-A6D6-CDDE7CD047C8}"
EndProject
Project("{9A19103F-16F7-4668-BE54-9A1E7A4F7556}") = "Host.WebApi", "src\Host.WebApi\Host.WebApi.csproj", "{0C535C57-3742-4772-B54B-B11D8524EEF1}"
EndProject
Project("{2150E333-8FDC-42A3-9474-1A3956D46DE8}") = "External", "External", "{D68219B7-22A1-4358-B6D8-7F1096EBAE84}"
EndProject
Project("{9A19103F-16F7-4668-BE54-9A1E7A4F7556}") = "ServiceDiscovery", "src\ServiceDiscovery\ServiceDiscovery.csproj", "{D0F88613-4288-4155-ABDC-53A8F8C156B0}"
EndProject
Project("{9A19103F-16F7-4668-BE54-9A1E7A4F7556}") = "CommandWebHost", "src\CommandWebHost\CommandWebHost.csproj", "{2F5CF197-50AE-4A19-B903-5EF36F2AC884}"
EndProject
Project("{9A19103F-16F7-4668-BE54-9A1E7A4F7556}") = "Host.Grpc", "src\Host.Grpc\Host.Grpc.csproj", "{014C2C55-F25C-4D12-85A2-50660DBD375E}"
EndProject
Project("{9A19103F-16F7-4668-BE54-9A1E7A4F7556}") = "Host.Worker", "src\Host.Worker\Host.Worker.csproj", "{7618BBE1-600B-4FEB-8C9D-2B6379AD25D3}"
EndProject
Project("{9A19103F-16F7-4668-BE54-9A1E7A4F7556}") = "AuthenticationQueryHost", "src\AuthenticationQueryHost\AuthenticationQueryHost.csproj", "{1AD2519E-FBF4-433E-8F55-818988BFFBEF}"
EndProject
Project("{9A19103F-16F7-4668-BE54-9A1E7A4F7556}") = "Cqrs.Repository.Contract", "src\Cqrs.Repository.Contract\Cqrs.Repository.Contract.csproj", "{259F2510-D10F-4284-8770-8E3874C478D4}"
EndProject
Project("{9A19103F-16F7-4668-BE54-9A1E7A4F7556}") = "Core", "src\Core\Core.csproj", "{8A145EC1-47E9-4FAC-81DD-497267AF8E21}"
EndProject
Project("{9A19103F-16F7-4668-BE54-9A1E7A4F7556}") = "AuthViewModel", "src\AuthViewModel\AuthViewModel.csproj", "{C92F2898-AF56-4F8B-B6D6-CC2CCEE9AEB4}"
EndProject
Project("{9A19103F-16F7-4668-BE54-9A1E7A4F7556}") = "Cqrs.Repository.Sqlite", "src\Cqrs.Repository.Sqlite\Cqrs.Repository.Sqlite.csproj", "{9F55EFB9-8C54-4CB0-9381-DBB70E6F7640}"
EndProject
Project("{2150E333-8FDC-42A3-9474-1A3956D46DE8}") = "Infrastructure", "Infrastructure", "{DB45B8C9-4CFC-471B-8B51-D252A0CDD8FA}"
EndProject
Project("{9A19103F-16F7-4668-BE54-9A1E7A4F7556}") = "Authentication.Cqrs.Repository.Sqlite", "src\Authentication.Cqrs.Repository.Sqlite\Authentication.Cqrs.Repository.Sqlite.csproj", "{0A4C6341-4FBE-45CE-A867-4B47E0EF1311}"
EndProject
Project("{9A19103F-16F7-4668-BE54-9A1E7A4F7556}") = "AuthenticationHelper", "src\AuthenticationHelper\AuthenticationHelper.csproj", "{569DB633-2139-449A-8EF0-003D6B2193FA}"
EndProject
Project("{9A19103F-16F7-4668-BE54-9A1E7A4F7556}") = "Commands", "src\Commands\Commands.csproj", "{A53FA42F-EF17-427A-86A0-2140387BD7CD}"
EndProject
Project("{2150E333-8FDC-42A3-9474-1A3956D46DE8}") = "Shared", "Shared", "{E1E57430-0F50-45FD-A8B9-BB1DEB4557E3}"
EndProject
Project("{9A19103F-16F7-4668-BE54-9A1E7A4F7556}") = "CommandHandlers", "src\CommandHandlers\CommandHandlers.csproj", "{0938A7D7-4478-4497-87B6-50EB392FDC78}"
EndProject
Project("{2150E333-8FDC-42A3-9474-1A3956D46DE8}") = "Domain", "Domain", "{E0ED5A5F-67EA-459A-84BF-4F4F9956531A}"
EndProject
Project("{9A19103F-16F7-4668-BE54-9A1E7A4F7556}") = "SharedDto", "src\SharedDto\SharedDto.csproj", "{0D1A145A-0E47-4BBD-A36B-465AF7104BA1}"
EndProject
Project("{9A19103F-16F7-4668-BE54-9A1E7A4F7556}") = "ShipAggregateRoot", "src\ShipAggregateRoot\ShipAggregateRoot.csproj", "{957C56EB-7BB0-49A9-B3A5-19D322DB9464}"
EndProject
Project("{9A19103F-16F7-4668-BE54-9A1E7A4F7556}") = "Ship.Cqrs.Repository.Sqlite", "src\Ship.Cqrs.Repository.Sqlite\Ship.Cqrs.Repository.Sqlite.csproj", "{C2BD3F28-7BCC-4302-903A-1765FBFD5253}"
EndProject
Project("{9A19103F-16F7-4668-BE54-9A1E7A4F7556}") = "Ship.Grpc.Comm", "src\Grpc.Comm\Ship.Grpc.Comm.csproj", "{095C6331-BDA5-4A59-A1F2-C3441C12555A}"
EndProject
Project("{9A19103F-16F7-4668-BE54-9A1E7A4F7556}") = "Utilties", "src\Utilties\Utilties.csproj", "{27322560-CD98-4C81-9AB9-8D04718C6899}"
EndProject
Project("{9A19103F-16F7-4668-BE54-9A1E7A4F7556}") = "ShipEvents", "src\ShipEvents\ShipEvents.csproj", "{8E31E0C4-3979-4949-9017-E3A4A6731459}"
EndProject
Project("{2150E333-8FDC-42A3-9474-1A3956D46DE8}") = "ReadSide", "ReadSide", "{5FF2EEC5-B692-458D-B5B5-831FEEA41F86}"
EndProject
Project("{9A19103F-16F7-4668-BE54-9A1E7A4F7556}") = "EventWorkerHost", "src\EventWorkerHost\EventWorkerHost.csproj", "{FC3D0349-1D5B-4BEA-9301-6CA07260BFF0}"
EndProject
Project("{9A19103F-16F7-4668-BE54-9A1E7A4F7556}") = "EventHandlers", "src\EventHandlers\EventHandlers.csproj", "{CD5985F9-0C2B-4851-959B-6118460AAFAB}"
EndProject
Project("{9A19103F-16F7-4668-BE54-9A1E7A4F7556}") = "ShipViewModels", "src\ShipViewModels\ShipViewModels.csproj", "{3870594E-2A9C-4016-B77F-B528F87C5AA4}"
EndProject
Project("{9A19103F-16F7-4668-BE54-9A1E7A4F7556}") = "ShipQueryHost", "src\ShipQueryHost\ShipQueryHost.csproj", "{596FF826-9588-4D90-B27C-860FA1A789FB}"
EndProject
Project("{9A19103F-16F7-4668-BE54-9A1E7A4F7556}") = "DomainService", "src\DomainService\DomainService.csproj", "{3DDAA316-64B3-4F0C-B0AF-338C6902783E}"
EndProject
Project("{2150E333-8FDC-42A3-9474-1A3956D46DE8}") = "Ship", "Ship", "{4558096D-BEA6-4404-9116-FB11E744EAB5}"
EndProject
Project("{9A19103F-16F7-4668-BE54-9A1E7A4F7556}") = "Core.UserContextProvider", "src\Core.Message\Core.UserContextProvider.csproj", "{F53987AA-66D7-424D-900B-1896AD238A93}"
EndProject
Project("{9A19103F-16F7-4668-BE54-9A1E7A4F7556}") = "NotificationHost", "src\NotificationHost\NotificationHost.csproj", "{E1C5514C-3F88-449D-9D66-CC222D663FE3}"
EndProject
Global
	GlobalSection(SolutionConfigurationPlatforms) = preSolution
		Debug|Any CPU = Debug|Any CPU
		Release|Any CPU = Release|Any CPU
	EndGlobalSection
	GlobalSection(ProjectConfigurationPlatforms) = postSolution
		{F4866F75-2DB5-42F6-A5A7-6F887CAD68B0}.Debug|Any CPU.ActiveCfg = Debug|Any CPU
		{F4866F75-2DB5-42F6-A5A7-6F887CAD68B0}.Debug|Any CPU.Build.0 = Debug|Any CPU
		{F4866F75-2DB5-42F6-A5A7-6F887CAD68B0}.Release|Any CPU.ActiveCfg = Release|Any CPU
		{F4866F75-2DB5-42F6-A5A7-6F887CAD68B0}.Release|Any CPU.Build.0 = Release|Any CPU
		{A62560EA-FF23-4C54-BEAE-064ABF5B30FB}.Debug|Any CPU.ActiveCfg = Debug|Any CPU
		{A62560EA-FF23-4C54-BEAE-064ABF5B30FB}.Debug|Any CPU.Build.0 = Debug|Any CPU
		{A62560EA-FF23-4C54-BEAE-064ABF5B30FB}.Release|Any CPU.ActiveCfg = Release|Any CPU
		{A62560EA-FF23-4C54-BEAE-064ABF5B30FB}.Release|Any CPU.Build.0 = Release|Any CPU
		{BCE0ED15-AE23-40E7-A6D6-CDDE7CD047C8}.Debug|Any CPU.ActiveCfg = Debug|Any CPU
		{BCE0ED15-AE23-40E7-A6D6-CDDE7CD047C8}.Debug|Any CPU.Build.0 = Debug|Any CPU
		{BCE0ED15-AE23-40E7-A6D6-CDDE7CD047C8}.Release|Any CPU.ActiveCfg = Release|Any CPU
		{BCE0ED15-AE23-40E7-A6D6-CDDE7CD047C8}.Release|Any CPU.Build.0 = Release|Any CPU
		{0C535C57-3742-4772-B54B-B11D8524EEF1}.Debug|Any CPU.ActiveCfg = Debug|Any CPU
		{0C535C57-3742-4772-B54B-B11D8524EEF1}.Debug|Any CPU.Build.0 = Debug|Any CPU
		{0C535C57-3742-4772-B54B-B11D8524EEF1}.Release|Any CPU.ActiveCfg = Release|Any CPU
		{0C535C57-3742-4772-B54B-B11D8524EEF1}.Release|Any CPU.Build.0 = Release|Any CPU
		{D0F88613-4288-4155-ABDC-53A8F8C156B0}.Debug|Any CPU.ActiveCfg = Debug|Any CPU
		{D0F88613-4288-4155-ABDC-53A8F8C156B0}.Debug|Any CPU.Build.0 = Debug|Any CPU
		{D0F88613-4288-4155-ABDC-53A8F8C156B0}.Release|Any CPU.ActiveCfg = Release|Any CPU
		{D0F88613-4288-4155-ABDC-53A8F8C156B0}.Release|Any CPU.Build.0 = Release|Any CPU
		{2F5CF197-50AE-4A19-B903-5EF36F2AC884}.Debug|Any CPU.ActiveCfg = Debug|Any CPU
		{2F5CF197-50AE-4A19-B903-5EF36F2AC884}.Debug|Any CPU.Build.0 = Debug|Any CPU
		{2F5CF197-50AE-4A19-B903-5EF36F2AC884}.Release|Any CPU.ActiveCfg = Release|Any CPU
		{2F5CF197-50AE-4A19-B903-5EF36F2AC884}.Release|Any CPU.Build.0 = Release|Any CPU
		{014C2C55-F25C-4D12-85A2-50660DBD375E}.Debug|Any CPU.ActiveCfg = Debug|Any CPU
		{014C2C55-F25C-4D12-85A2-50660DBD375E}.Debug|Any CPU.Build.0 = Debug|Any CPU
		{014C2C55-F25C-4D12-85A2-50660DBD375E}.Release|Any CPU.ActiveCfg = Release|Any CPU
		{014C2C55-F25C-4D12-85A2-50660DBD375E}.Release|Any CPU.Build.0 = Release|Any CPU
		{7618BBE1-600B-4FEB-8C9D-2B6379AD25D3}.Debug|Any CPU.ActiveCfg = Debug|Any CPU
		{7618BBE1-600B-4FEB-8C9D-2B6379AD25D3}.Debug|Any CPU.Build.0 = Debug|Any CPU
		{7618BBE1-600B-4FEB-8C9D-2B6379AD25D3}.Release|Any CPU.ActiveCfg = Release|Any CPU
		{7618BBE1-600B-4FEB-8C9D-2B6379AD25D3}.Release|Any CPU.Build.0 = Release|Any CPU
		{1AD2519E-FBF4-433E-8F55-818988BFFBEF}.Debug|Any CPU.ActiveCfg = Debug|Any CPU
		{1AD2519E-FBF4-433E-8F55-818988BFFBEF}.Debug|Any CPU.Build.0 = Debug|Any CPU
		{1AD2519E-FBF4-433E-8F55-818988BFFBEF}.Release|Any CPU.ActiveCfg = Release|Any CPU
		{1AD2519E-FBF4-433E-8F55-818988BFFBEF}.Release|Any CPU.Build.0 = Release|Any CPU
		{259F2510-D10F-4284-8770-8E3874C478D4}.Debug|Any CPU.ActiveCfg = Debug|Any CPU
		{259F2510-D10F-4284-8770-8E3874C478D4}.Debug|Any CPU.Build.0 = Debug|Any CPU
		{259F2510-D10F-4284-8770-8E3874C478D4}.Release|Any CPU.ActiveCfg = Release|Any CPU
		{259F2510-D10F-4284-8770-8E3874C478D4}.Release|Any CPU.Build.0 = Release|Any CPU
		{8A145EC1-47E9-4FAC-81DD-497267AF8E21}.Debug|Any CPU.ActiveCfg = Debug|Any CPU
		{8A145EC1-47E9-4FAC-81DD-497267AF8E21}.Debug|Any CPU.Build.0 = Debug|Any CPU
		{8A145EC1-47E9-4FAC-81DD-497267AF8E21}.Release|Any CPU.ActiveCfg = Release|Any CPU
		{8A145EC1-47E9-4FAC-81DD-497267AF8E21}.Release|Any CPU.Build.0 = Release|Any CPU
		{C92F2898-AF56-4F8B-B6D6-CC2CCEE9AEB4}.Debug|Any CPU.ActiveCfg = Debug|Any CPU
		{C92F2898-AF56-4F8B-B6D6-CC2CCEE9AEB4}.Debug|Any CPU.Build.0 = Debug|Any CPU
		{C92F2898-AF56-4F8B-B6D6-CC2CCEE9AEB4}.Release|Any CPU.ActiveCfg = Release|Any CPU
		{C92F2898-AF56-4F8B-B6D6-CC2CCEE9AEB4}.Release|Any CPU.Build.0 = Release|Any CPU
		{9F55EFB9-8C54-4CB0-9381-DBB70E6F7640}.Debug|Any CPU.ActiveCfg = Debug|Any CPU
		{9F55EFB9-8C54-4CB0-9381-DBB70E6F7640}.Debug|Any CPU.Build.0 = Debug|Any CPU
		{9F55EFB9-8C54-4CB0-9381-DBB70E6F7640}.Release|Any CPU.ActiveCfg = Release|Any CPU
		{9F55EFB9-8C54-4CB0-9381-DBB70E6F7640}.Release|Any CPU.Build.0 = Release|Any CPU
		{0A4C6341-4FBE-45CE-A867-4B47E0EF1311}.Debug|Any CPU.ActiveCfg = Debug|Any CPU
		{0A4C6341-4FBE-45CE-A867-4B47E0EF1311}.Debug|Any CPU.Build.0 = Debug|Any CPU
		{0A4C6341-4FBE-45CE-A867-4B47E0EF1311}.Release|Any CPU.ActiveCfg = Release|Any CPU
		{0A4C6341-4FBE-45CE-A867-4B47E0EF1311}.Release|Any CPU.Build.0 = Release|Any CPU
		{569DB633-2139-449A-8EF0-003D6B2193FA}.Debug|Any CPU.ActiveCfg = Debug|Any CPU
		{569DB633-2139-449A-8EF0-003D6B2193FA}.Debug|Any CPU.Build.0 = Debug|Any CPU
		{569DB633-2139-449A-8EF0-003D6B2193FA}.Release|Any CPU.ActiveCfg = Release|Any CPU
		{569DB633-2139-449A-8EF0-003D6B2193FA}.Release|Any CPU.Build.0 = Release|Any CPU
		{A53FA42F-EF17-427A-86A0-2140387BD7CD}.Debug|Any CPU.ActiveCfg = Debug|Any CPU
		{A53FA42F-EF17-427A-86A0-2140387BD7CD}.Debug|Any CPU.Build.0 = Debug|Any CPU
		{A53FA42F-EF17-427A-86A0-2140387BD7CD}.Release|Any CPU.ActiveCfg = Release|Any CPU
		{A53FA42F-EF17-427A-86A0-2140387BD7CD}.Release|Any CPU.Build.0 = Release|Any CPU
		{0938A7D7-4478-4497-87B6-50EB392FDC78}.Debug|Any CPU.ActiveCfg = Debug|Any CPU
		{0938A7D7-4478-4497-87B6-50EB392FDC78}.Debug|Any CPU.Build.0 = Debug|Any CPU
		{0938A7D7-4478-4497-87B6-50EB392FDC78}.Release|Any CPU.ActiveCfg = Release|Any CPU
		{0938A7D7-4478-4497-87B6-50EB392FDC78}.Release|Any CPU.Build.0 = Release|Any CPU
		{0D1A145A-0E47-4BBD-A36B-465AF7104BA1}.Debug|Any CPU.ActiveCfg = Debug|Any CPU
		{0D1A145A-0E47-4BBD-A36B-465AF7104BA1}.Debug|Any CPU.Build.0 = Debug|Any CPU
		{0D1A145A-0E47-4BBD-A36B-465AF7104BA1}.Release|Any CPU.ActiveCfg = Release|Any CPU
		{0D1A145A-0E47-4BBD-A36B-465AF7104BA1}.Release|Any CPU.Build.0 = Release|Any CPU
		{957C56EB-7BB0-49A9-B3A5-19D322DB9464}.Debug|Any CPU.ActiveCfg = Debug|Any CPU
		{957C56EB-7BB0-49A9-B3A5-19D322DB9464}.Debug|Any CPU.Build.0 = Debug|Any CPU
		{957C56EB-7BB0-49A9-B3A5-19D322DB9464}.Release|Any CPU.ActiveCfg = Release|Any CPU
		{957C56EB-7BB0-49A9-B3A5-19D322DB9464}.Release|Any CPU.Build.0 = Release|Any CPU
		{C2BD3F28-7BCC-4302-903A-1765FBFD5253}.Debug|Any CPU.ActiveCfg = Debug|Any CPU
		{C2BD3F28-7BCC-4302-903A-1765FBFD5253}.Debug|Any CPU.Build.0 = Debug|Any CPU
		{C2BD3F28-7BCC-4302-903A-1765FBFD5253}.Release|Any CPU.ActiveCfg = Release|Any CPU
		{C2BD3F28-7BCC-4302-903A-1765FBFD5253}.Release|Any CPU.Build.0 = Release|Any CPU
		{095C6331-BDA5-4A59-A1F2-C3441C12555A}.Debug|Any CPU.ActiveCfg = Debug|Any CPU
		{095C6331-BDA5-4A59-A1F2-C3441C12555A}.Debug|Any CPU.Build.0 = Debug|Any CPU
		{095C6331-BDA5-4A59-A1F2-C3441C12555A}.Release|Any CPU.ActiveCfg = Release|Any CPU
		{095C6331-BDA5-4A59-A1F2-C3441C12555A}.Release|Any CPU.Build.0 = Release|Any CPU
		{27322560-CD98-4C81-9AB9-8D04718C6899}.Debug|Any CPU.ActiveCfg = Debug|Any CPU
		{27322560-CD98-4C81-9AB9-8D04718C6899}.Debug|Any CPU.Build.0 = Debug|Any CPU
		{27322560-CD98-4C81-9AB9-8D04718C6899}.Release|Any CPU.ActiveCfg = Release|Any CPU
		{27322560-CD98-4C81-9AB9-8D04718C6899}.Release|Any CPU.Build.0 = Release|Any CPU
		{8E31E0C4-3979-4949-9017-E3A4A6731459}.Debug|Any CPU.ActiveCfg = Debug|Any CPU
		{8E31E0C4-3979-4949-9017-E3A4A6731459}.Debug|Any CPU.Build.0 = Debug|Any CPU
		{8E31E0C4-3979-4949-9017-E3A4A6731459}.Release|Any CPU.ActiveCfg = Release|Any CPU
		{8E31E0C4-3979-4949-9017-E3A4A6731459}.Release|Any CPU.Build.0 = Release|Any CPU
		{FC3D0349-1D5B-4BEA-9301-6CA07260BFF0}.Debug|Any CPU.ActiveCfg = Debug|Any CPU
		{FC3D0349-1D5B-4BEA-9301-6CA07260BFF0}.Debug|Any CPU.Build.0 = Debug|Any CPU
		{FC3D0349-1D5B-4BEA-9301-6CA07260BFF0}.Release|Any CPU.ActiveCfg = Release|Any CPU
		{FC3D0349-1D5B-4BEA-9301-6CA07260BFF0}.Release|Any CPU.Build.0 = Release|Any CPU
		{CD5985F9-0C2B-4851-959B-6118460AAFAB}.Debug|Any CPU.ActiveCfg = Debug|Any CPU
		{CD5985F9-0C2B-4851-959B-6118460AAFAB}.Debug|Any CPU.Build.0 = Debug|Any CPU
		{CD5985F9-0C2B-4851-959B-6118460AAFAB}.Release|Any CPU.ActiveCfg = Release|Any CPU
		{CD5985F9-0C2B-4851-959B-6118460AAFAB}.Release|Any CPU.Build.0 = Release|Any CPU
		{3870594E-2A9C-4016-B77F-B528F87C5AA4}.Debug|Any CPU.ActiveCfg = Debug|Any CPU
		{3870594E-2A9C-4016-B77F-B528F87C5AA4}.Debug|Any CPU.Build.0 = Debug|Any CPU
		{3870594E-2A9C-4016-B77F-B528F87C5AA4}.Release|Any CPU.ActiveCfg = Release|Any CPU
		{3870594E-2A9C-4016-B77F-B528F87C5AA4}.Release|Any CPU.Build.0 = Release|Any CPU
		{596FF826-9588-4D90-B27C-860FA1A789FB}.Debug|Any CPU.ActiveCfg = Debug|Any CPU
		{596FF826-9588-4D90-B27C-860FA1A789FB}.Debug|Any CPU.Build.0 = Debug|Any CPU
		{596FF826-9588-4D90-B27C-860FA1A789FB}.Release|Any CPU.ActiveCfg = Release|Any CPU
		{596FF826-9588-4D90-B27C-860FA1A789FB}.Release|Any CPU.Build.0 = Release|Any CPU
		{3DDAA316-64B3-4F0C-B0AF-338C6902783E}.Debug|Any CPU.ActiveCfg = Debug|Any CPU
		{3DDAA316-64B3-4F0C-B0AF-338C6902783E}.Debug|Any CPU.Build.0 = Debug|Any CPU
		{3DDAA316-64B3-4F0C-B0AF-338C6902783E}.Release|Any CPU.ActiveCfg = Release|Any CPU
		{3DDAA316-64B3-4F0C-B0AF-338C6902783E}.Release|Any CPU.Build.0 = Release|Any CPU
		{F53987AA-66D7-424D-900B-1896AD238A93}.Debug|Any CPU.ActiveCfg = Debug|Any CPU
		{F53987AA-66D7-424D-900B-1896AD238A93}.Debug|Any CPU.Build.0 = Debug|Any CPU
		{F53987AA-66D7-424D-900B-1896AD238A93}.Release|Any CPU.ActiveCfg = Release|Any CPU
		{F53987AA-66D7-424D-900B-1896AD238A93}.Release|Any CPU.Build.0 = Release|Any CPU
		{E1C5514C-3F88-449D-9D66-CC222D663FE3}.Debug|Any CPU.ActiveCfg = Debug|Any CPU
		{E1C5514C-3F88-449D-9D66-CC222D663FE3}.Debug|Any CPU.Build.0 = Debug|Any CPU
		{E1C5514C-3F88-449D-9D66-CC222D663FE3}.Release|Any CPU.ActiveCfg = Release|Any CPU
		{E1C5514C-3F88-449D-9D66-CC222D663FE3}.Release|Any CPU.Build.0 = Release|Any CPU
	EndGlobalSection
	GlobalSection(SolutionProperties) = preSolution
		HideSolutionNode = FALSE
	EndGlobalSection
	GlobalSection(NestedProjects) = preSolution
		{F4866F75-2DB5-42F6-A5A7-6F887CAD68B0} = {D52926F9-F64B-47D2-8885-13F3FA6FB209}
		{A62560EA-FF23-4C54-BEAE-064ABF5B30FB} = {D52926F9-F64B-47D2-8885-13F3FA6FB209}
		{BCE0ED15-AE23-40E7-A6D6-CDDE7CD047C8} = {FFD2F6DD-61E6-4317-813E-2E2637C7032E}
		{0C535C57-3742-4772-B54B-B11D8524EEF1} = {FFD2F6DD-61E6-4317-813E-2E2637C7032E}
		{D0F88613-4288-4155-ABDC-53A8F8C156B0} = {D68219B7-22A1-4358-B6D8-7F1096EBAE84}
		{2F5CF197-50AE-4A19-B903-5EF36F2AC884} = {D52926F9-F64B-47D2-8885-13F3FA6FB209}
		{014C2C55-F25C-4D12-85A2-50660DBD375E} = {FFD2F6DD-61E6-4317-813E-2E2637C7032E}
		{7618BBE1-600B-4FEB-8C9D-2B6379AD25D3} = {FFD2F6DD-61E6-4317-813E-2E2637C7032E}
		{1AD2519E-FBF4-433E-8F55-818988BFFBEF} = {D68219B7-22A1-4358-B6D8-7F1096EBAE84}
		{259F2510-D10F-4284-8770-8E3874C478D4} = {FFD2F6DD-61E6-4317-813E-2E2637C7032E}
		{8A145EC1-47E9-4FAC-81DD-497267AF8E21} = {FFD2F6DD-61E6-4317-813E-2E2637C7032E}
		{C92F2898-AF56-4F8B-B6D6-CC2CCEE9AEB4} = {D68219B7-22A1-4358-B6D8-7F1096EBAE84}
		{9F55EFB9-8C54-4CB0-9381-DBB70E6F7640} = {FFD2F6DD-61E6-4317-813E-2E2637C7032E}
		{DB45B8C9-4CFC-471B-8B51-D252A0CDD8FA} = {D68219B7-22A1-4358-B6D8-7F1096EBAE84}
		{0A4C6341-4FBE-45CE-A867-4B47E0EF1311} = {DB45B8C9-4CFC-471B-8B51-D252A0CDD8FA}
		{569DB633-2139-449A-8EF0-003D6B2193FA} = {FFD2F6DD-61E6-4317-813E-2E2637C7032E}
		{A53FA42F-EF17-427A-86A0-2140387BD7CD} = {D52926F9-F64B-47D2-8885-13F3FA6FB209}
		{0938A7D7-4478-4497-87B6-50EB392FDC78} = {D52926F9-F64B-47D2-8885-13F3FA6FB209}
		{0D1A145A-0E47-4BBD-A36B-465AF7104BA1} = {E1E57430-0F50-45FD-A8B9-BB1DEB4557E3}
		{957C56EB-7BB0-49A9-B3A5-19D322DB9464} = {E0ED5A5F-67EA-459A-84BF-4F4F9956531A}
		{C2BD3F28-7BCC-4302-903A-1765FBFD5253} = {4558096D-BEA6-4404-9116-FB11E744EAB5}
		{095C6331-BDA5-4A59-A1F2-C3441C12555A} = {4558096D-BEA6-4404-9116-FB11E744EAB5}
		{27322560-CD98-4C81-9AB9-8D04718C6899} = {FFD2F6DD-61E6-4317-813E-2E2637C7032E}
		{8E31E0C4-3979-4949-9017-E3A4A6731459} = {E0ED5A5F-67EA-459A-84BF-4F4F9956531A}
		{FC3D0349-1D5B-4BEA-9301-6CA07260BFF0} = {5FF2EEC5-B692-458D-B5B5-831FEEA41F86}
		{CD5985F9-0C2B-4851-959B-6118460AAFAB} = {5FF2EEC5-B692-458D-B5B5-831FEEA41F86}
		{3870594E-2A9C-4016-B77F-B528F87C5AA4} = {5FF2EEC5-B692-458D-B5B5-831FEEA41F86}
		{596FF826-9588-4D90-B27C-860FA1A789FB} = {5FF2EEC5-B692-458D-B5B5-831FEEA41F86}
		{3DDAA316-64B3-4F0C-B0AF-338C6902783E} = {E0ED5A5F-67EA-459A-84BF-4F4F9956531A}
		{4558096D-BEA6-4404-9116-FB11E744EAB5} = {FFD2F6DD-61E6-4317-813E-2E2637C7032E}
		{F53987AA-66D7-424D-900B-1896AD238A93} = {FFD2F6DD-61E6-4317-813E-2E2637C7032E}
		{E1C5514C-3F88-449D-9D66-CC222D663FE3} = {D68219B7-22A1-4358-B6D8-7F1096EBAE84}
	EndGlobalSection
	GlobalSection(ExtensibilityGlobals) = postSolution
		SolutionGuid = {D98EBB41-EE4D-4ED3-8690-01A12AC27C0F}
	EndGlobalSection
EndGlobal
